// !$*UTF8*$!
{
	archiveVersion = 1;
	classes = {
	};
	objectVersion = 50;
	objects = {

/* Begin PBXBuildFile section */
		A7F614A52188C1ED00D3414B /* addEvent.swift in Sources */ = {isa = PBXBuildFile; fileRef = A7F614A42188C1ED00D3414B /* addEvent.swift */; };
		B04EF1B02188905700B28DAA /* ViewControllerDetails.swift in Sources */ = {isa = PBXBuildFile; fileRef = B04EF1AF2188905700B28DAA /* ViewControllerDetails.swift */; };
		B04EF1C22188B72C00B28DAA /* DettagliEventiViewController.swift in Sources */ = {isa = PBXBuildFile; fileRef = B04EF1C12188B72C00B28DAA /* DettagliEventiViewController.swift */; };
		B04EF1C42188C34800B28DAA /* EventViewController.swift in Sources */ = {isa = PBXBuildFile; fileRef = B04EF1C32188C34800B28DAA /* EventViewController.swift */; };
		B04EF1C72189FB0900B28DAA /* FloatRatingView.swift in Sources */ = {isa = PBXBuildFile; fileRef = B04EF1C52189FB0900B28DAA /* FloatRatingView.swift */; };
		B04EF1C82189FB0900B28DAA /* ProfileViewController.swift in Sources */ = {isa = PBXBuildFile; fileRef = B04EF1C62189FB0900B28DAA /* ProfileViewController.swift */; };
		B059067E21876A9800F52F7E /* AppDelegate.swift in Sources */ = {isa = PBXBuildFile; fileRef = B059067D21876A9800F52F7E /* AppDelegate.swift */; };
		B059068221876A9800F52F7E /* HomeViewController.swift in Sources */ = {isa = PBXBuildFile; fileRef = B059068121876A9800F52F7E /* HomeViewController.swift */; };
		B059068521876A9800F52F7E /* Main.storyboard in Resources */ = {isa = PBXBuildFile; fileRef = B059068321876A9800F52F7E /* Main.storyboard */; };
		B059068721876A9800F52F7E /* Assets.xcassets in Resources */ = {isa = PBXBuildFile; fileRef = B059068621876A9800F52F7E /* Assets.xcassets */; };
		B059068A21876A9800F52F7E /* LaunchScreen.storyboard in Resources */ = {isa = PBXBuildFile; fileRef = B059068821876A9800F52F7E /* LaunchScreen.storyboard */; };
		B059069221876C3B00F52F7E /* SearchViewController.swift in Sources */ = {isa = PBXBuildFile; fileRef = B059069121876C3B00F52F7E /* SearchViewController.swift */; };
/* End PBXBuildFile section */

/* Begin PBXFileReference section */
		A7F614A42188C1ED00D3414B /* addEvent.swift */ = {isa = PBXFileReference; lastKnownFileType = sourcecode.swift; path = addEvent.swift; sourceTree = "<group>"; };
		B04EF1AF2188905700B28DAA /* ViewControllerDetails.swift */ = {isa = PBXFileReference; lastKnownFileType = sourcecode.swift; path = ViewControllerDetails.swift; sourceTree = "<group>"; };
		B04EF1C12188B72C00B28DAA /* DettagliEventiViewController.swift */ = {isa = PBXFileReference; fileEncoding = 4; lastKnownFileType = sourcecode.swift; path = DettagliEventiViewController.swift; sourceTree = "<group>"; };
		B04EF1C32188C34800B28DAA /* EventViewController.swift */ = {isa = PBXFileReference; lastKnownFileType = sourcecode.swift; name = EventViewController.swift; path = Classi/EventViewController.swift; sourceTree = SOURCE_ROOT; };
		B04EF1C52189FB0900B28DAA /* FloatRatingView.swift */ = {isa = PBXFileReference; fileEncoding = 4; lastKnownFileType = sourcecode.swift; path = FloatRatingView.swift; sourceTree = "<group>"; };
		B04EF1C62189FB0900B28DAA /* ProfileViewController.swift */ = {isa = PBXFileReference; fileEncoding = 4; lastKnownFileType = sourcecode.swift; path = ProfileViewController.swift; sourceTree = "<group>"; };
		B059067A21876A9800F52F7E /* Prototipo.app */ = {isa = PBXFileReference; explicitFileType = wrapper.application; includeInIndex = 0; path = Prototipo.app; sourceTree = BUILT_PRODUCTS_DIR; };
		B059067D21876A9800F52F7E /* AppDelegate.swift */ = {isa = PBXFileReference; lastKnownFileType = sourcecode.swift; path = AppDelegate.swift; sourceTree = "<group>"; };
		B059068121876A9800F52F7E /* HomeViewController.swift */ = {isa = PBXFileReference; lastKnownFileType = sourcecode.swift; path = HomeViewController.swift; sourceTree = "<group>"; };
		B059068421876A9800F52F7E /* Base */ = {isa = PBXFileReference; lastKnownFileType = file.storyboard; name = Base; path = Base.lproj/Main.storyboard; sourceTree = "<group>"; };
		B059068621876A9800F52F7E /* Assets.xcassets */ = {isa = PBXFileReference; lastKnownFileType = folder.assetcatalog; path = Assets.xcassets; sourceTree = "<group>"; };
		B059068921876A9800F52F7E /* Base */ = {isa = PBXFileReference; lastKnownFileType = file.storyboard; name = Base; path = Base.lproj/LaunchScreen.storyboard; sourceTree = "<group>"; };
		B059068B21876A9800F52F7E /* Info.plist */ = {isa = PBXFileReference; lastKnownFileType = text.plist.xml; path = Info.plist; sourceTree = "<group>"; };
		B059069121876C3B00F52F7E /* SearchViewController.swift */ = {isa = PBXFileReference; lastKnownFileType = sourcecode.swift; path = SearchViewController.swift; sourceTree = "<group>"; };
/* End PBXFileReference section */

/* Begin PBXFrameworksBuildPhase section */
		B059067721876A9800F52F7E /* Frameworks */ = {
			isa = PBXFrameworksBuildPhase;
			buildActionMask = 2147483647;
			files = (
			);
			runOnlyForDeploymentPostprocessing = 0;
		};
/* End PBXFrameworksBuildPhase section */

/* Begin PBXGroup section */
		B04EF1C02188B72C00B28DAA /* Classi */ = {
			isa = PBXGroup;
			children = (
				B04EF1C52189FB0900B28DAA /* FloatRatingView.swift */,
				B04EF1C62189FB0900B28DAA /* ProfileViewController.swift */,
				B04EF1C12188B72C00B28DAA /* DettagliEventiViewController.swift */,
				B04EF1C32188C34800B28DAA /* EventViewController.swift */,
				B059068121876A9800F52F7E /* HomeViewController.swift */,
			);
			path = Classi;
			sourceTree = "<group>";
		};
		B059067121876A9800F52F7E = {
			isa = PBXGroup;
			children = (
				B04EF1C02188B72C00B28DAA /* Classi */,
				B059067C21876A9800F52F7E /* Prototipo */,
				B059067B21876A9800F52F7E /* Products */,
			);
			sourceTree = "<group>";
		};
		B059067B21876A9800F52F7E /* Products */ = {
			isa = PBXGroup;
			children = (
				B059067A21876A9800F52F7E /* Prototipo.app */,
			);
			name = Products;
			sourceTree = "<group>";
		};
		B059067C21876A9800F52F7E /* Prototipo */ = {
			isa = PBXGroup;
			children = (
				B059067D21876A9800F52F7E /* AppDelegate.swift */,
				B059069121876C3B00F52F7E /* SearchViewController.swift */,
				B04EF1AF2188905700B28DAA /* ViewControllerDetails.swift */,
				B059068B21876A9800F52F7E /* Info.plist */,
				B059068321876A9800F52F7E /* Main.storyboard */,
				A7F614A42188C1ED00D3414B /* addEvent.swift */,
				B059068621876A9800F52F7E /* Assets.xcassets */,
				B059068821876A9800F52F7E /* LaunchScreen.storyboard */,
			);
			path = Prototipo;
			sourceTree = "<group>";
		};
/* End PBXGroup section */

/* Begin PBXNativeTarget section */
		B059067921876A9800F52F7E /* Prototipo */ = {
			isa = PBXNativeTarget;
			buildConfigurationList = B059068E21876A9800F52F7E /* Build configuration list for PBXNativeTarget "Prototipo" */;
			buildPhases = (
				B059067621876A9800F52F7E /* Sources */,
				B059067721876A9800F52F7E /* Frameworks */,
				B059067821876A9800F52F7E /* Resources */,
			);
			buildRules = (
			);
			dependencies = (
			);
			name = Prototipo;
			productName = Prototipo;
			productReference = B059067A21876A9800F52F7E /* Prototipo.app */;
			productType = "com.apple.product-type.application";
		};
/* End PBXNativeTarget section */

/* Begin PBXProject section */
		B059067221876A9800F52F7E /* Project object */ = {
			isa = PBXProject;
			attributes = {
				LastSwiftUpdateCheck = 1000;
				LastUpgradeCheck = 1000;
				ORGANIZATIONNAME = "Sergio Solmonte";
				TargetAttributes = {
					B059067921876A9800F52F7E = {
						CreatedOnToolsVersion = 10.0;
					};
				};
			};
			buildConfigurationList = B059067521876A9800F52F7E /* Build configuration list for PBXProject "Prototipo" */;
			compatibilityVersion = "Xcode 9.3";
			developmentRegion = en;
			hasScannedForEncodings = 0;
			knownRegions = (
				en,
				Base,
			);
			mainGroup = B059067121876A9800F52F7E;
			productRefGroup = B059067B21876A9800F52F7E /* Products */;
			projectDirPath = "";
			projectRoot = "";
			targets = (
				B059067921876A9800F52F7E /* Prototipo */,
			);
		};
/* End PBXProject section */

/* Begin PBXResourcesBuildPhase section */
		B059067821876A9800F52F7E /* Resources */ = {
			isa = PBXResourcesBuildPhase;
			buildActionMask = 2147483647;
			files = (
				B059068A21876A9800F52F7E /* LaunchScreen.storyboard in Resources */,
				B059068721876A9800F52F7E /* Assets.xcassets in Resources */,
				B059068521876A9800F52F7E /* Main.storyboard in Resources */,
			);
			runOnlyForDeploymentPostprocessing = 0;
		};
/* End PBXResourcesBuildPhase section */

/* Begin PBXSourcesBuildPhase section */
		B059067621876A9800F52F7E /* Sources */ = {
			isa = PBXSourcesBuildPhase;
			buildActionMask = 2147483647;
			files = (
				B04EF1C22188B72C00B28DAA /* DettagliEventiViewController.swift in Sources */,
				B059068221876A9800F52F7E /* HomeViewController.swift in Sources */,
				B04EF1C82189FB0900B28DAA /* ProfileViewController.swift in Sources */,
				B059067E21876A9800F52F7E /* AppDelegate.swift in Sources */,
				B059069221876C3B00F52F7E /* SearchViewController.swift in Sources */,
				B04EF1C42188C34800B28DAA /* EventViewController.swift in Sources */,
				B04EF1C72189FB0900B28DAA /* FloatRatingView.swift in Sources */,
				B04EF1B02188905700B28DAA /* ViewControllerDetails.swift in Sources */,
				A7F614A52188C1ED00D3414B /* addEvent.swift in Sources */,
			);
			runOnlyForDeploymentPostprocessing = 0;
		};
/* End PBXSourcesBuildPhase section */

/* Begin PBXVariantGroup section */
		B059068321876A9800F52F7E /* Main.storyboard */ = {
			isa = PBXVariantGroup;
			children = (
				B059068421876A9800F52F7E /* Base */,
			);
			name = Main.storyboard;
			sourceTree = "<group>";
		};
		B059068821876A9800F52F7E /* LaunchScreen.storyboard */ = {
			isa = PBXVariantGroup;
			children = (
				B059068921876A9800F52F7E /* Base */,
			);
			name = LaunchScreen.storyboard;
			sourceTree = "<group>";
		};
/* End PBXVariantGroup section */

/* Begin XCBuildConfiguration section */
		B059068C21876A9800F52F7E /* Debug */ = {
			isa = XCBuildConfiguration;
			buildSettings = {
				ALWAYS_SEARCH_USER_PATHS = NO;
				CLANG_ANALYZER_NONNULL = YES;
				CLANG_ANALYZER_NUMBER_OBJECT_CONVERSION = YES_AGGRESSIVE;
				CLANG_CXX_LANGUAGE_STANDARD = "gnu++14";
				CLANG_CXX_LIBRARY = "libc++";
				CLANG_ENABLE_MODULES = YES;
				CLANG_ENABLE_OBJC_ARC = YES;
				CLANG_ENABLE_OBJC_WEAK = YES;
				CLANG_WARN_BLOCK_CAPTURE_AUTORELEASING = YES;
				CLANG_WARN_BOOL_CONVERSION = YES;
				CLANG_WARN_COMMA = YES;
				CLANG_WARN_CONSTANT_CONVERSION = YES;
				CLANG_WARN_DEPRECATED_OBJC_IMPLEMENTATIONS = YES;
				CLANG_WARN_DIRECT_OBJC_ISA_USAGE = YES_ERROR;
				CLANG_WARN_DOCUMENTATION_COMMENTS = YES;
				CLANG_WARN_EMPTY_BODY = YES;
				CLANG_WARN_ENUM_CONVERSION = YES;
				CLANG_WARN_INFINITE_RECURSION = YES;
				CLANG_WARN_INT_CONVERSION = YES;
				CLANG_WARN_NON_LITERAL_NULL_CONVERSION = YES;
				CLANG_WARN_OBJC_IMPLICIT_RETAIN_SELF = YES;
				CLANG_WARN_OBJC_LITERAL_CONVERSION = YES;
				CLANG_WARN_OBJC_ROOT_CLASS = YES_ERROR;
				CLANG_WARN_RANGE_LOOP_ANALYSIS = YES;
				CLANG_WARN_STRICT_PROTOTYPES = YES;
				CLANG_WARN_SUSPICIOUS_MOVE = YES;
				CLANG_WARN_UNGUARDED_AVAILABILITY = YES_AGGRESSIVE;
				CLANG_WARN_UNREACHABLE_CODE = YES;
				CLANG_WARN__DUPLICATE_METHOD_MATCH = YES;
				CODE_SIGN_IDENTITY = "iPhone Developer";
				COPY_PHASE_STRIP = NO;
				DEBUG_INFORMATION_FORMAT = dwarf;
				ENABLE_STRICT_OBJC_MSGSEND = YES;
				ENABLE_TESTABILITY = YES;
				GCC_C_LANGUAGE_STANDARD = gnu11;
				GCC_DYNAMIC_NO_PIC = NO;
				GCC_NO_COMMON_BLOCKS = YES;
				GCC_OPTIMIZATION_LEVEL = 0;
				GCC_PREPROCESSOR_DEFINITIONS = (
					"DEBUG=1",
					"$(inherited)",
				);
				GCC_WARN_64_TO_32_BIT_CONVERSION = YES;
				GCC_WARN_ABOUT_RETURN_TYPE = YES_ERROR;
				GCC_WARN_UNDECLARED_SELECTOR = YES;
				GCC_WARN_UNINITIALIZED_AUTOS = YES_AGGRESSIVE;
				GCC_WARN_UNUSED_FUNCTION = YES;
				GCC_WARN_UNUSED_VARIABLE = YES;
				IPHONEOS_DEPLOYMENT_TARGET = 12.0;
				MTL_ENABLE_DEBUG_INFO = INCLUDE_SOURCE;
				MTL_FAST_MATH = YES;
				ONLY_ACTIVE_ARCH = YES;
				SDKROOT = iphoneos;
				SWIFT_ACTIVE_COMPILATION_CONDITIONS = DEBUG;
				SWIFT_OPTIMIZATION_LEVEL = "-Onone";
			};
			name = Debug;
		};
		B059068D21876A9800F52F7E /* Release */ = {
			isa = XCBuildConfiguration;
			buildSettings = {
				ALWAYS_SEARCH_USER_PATHS = NO;
				CLANG_ANALYZER_NONNULL = YES;
				CLANG_ANALYZER_NUMBER_OBJECT_CONVERSION = YES_AGGRESSIVE;
				CLANG_CXX_LANGUAGE_STANDARD = "gnu++14";
				CLANG_CXX_LIBRARY = "libc++";
				CLANG_ENABLE_MODULES = YES;
				CLANG_ENABLE_OBJC_ARC = YES;
				CLANG_ENABLE_OBJC_WEAK = YES;
				CLANG_WARN_BLOCK_CAPTURE_AUTORELEASING = YES;
				CLANG_WARN_BOOL_CONVERSION = YES;
				CLANG_WARN_COMMA = YES;
				CLANG_WARN_CONSTANT_CONVERSION = YES;
				CLANG_WARN_DEPRECATED_OBJC_IMPLEMENTATIONS = YES;
				CLANG_WARN_DIRECT_OBJC_ISA_USAGE = YES_ERROR;
				CLANG_WARN_DOCUMENTATION_COMMENTS = YES;
				CLANG_WARN_EMPTY_BODY = YES;
				CLANG_WARN_ENUM_CONVERSION = YES;
				CLANG_WARN_INFINITE_RECURSION = YES;
				CLANG_WARN_INT_CONVERSION = YES;
				CLANG_WARN_NON_LITERAL_NULL_CONVERSION = YES;
				CLANG_WARN_OBJC_IMPLICIT_RETAIN_SELF = YES;
				CLANG_WARN_OBJC_LITERAL_CONVERSION = YES;
				CLANG_WARN_OBJC_ROOT_CLASS = YES_ERROR;
				CLANG_WARN_RANGE_LOOP_ANALYSIS = YES;
				CLANG_WARN_STRICT_PROTOTYPES = YES;
				CLANG_WARN_SUSPICIOUS_MOVE = YES;
				CLANG_WARN_UNGUARDED_AVAILABILITY = YES_AGGRESSIVE;
				CLANG_WARN_UNREACHABLE_CODE = YES;
				CLANG_WARN__DUPLICATE_METHOD_MATCH = YES;
				CODE_SIGN_IDENTITY = "iPhone Developer";
				COPY_PHASE_STRIP = NO;
				DEBUG_INFORMATION_FORMAT = "dwarf-with-dsym";
				ENABLE_NS_ASSERTIONS = NO;
				ENABLE_STRICT_OBJC_MSGSEND = YES;
				GCC_C_LANGUAGE_STANDARD = gnu11;
				GCC_NO_COMMON_BLOCKS = YES;
				GCC_WARN_64_TO_32_BIT_CONVERSION = YES;
				GCC_WARN_ABOUT_RETURN_TYPE = YES_ERROR;
				GCC_WARN_UNDECLARED_SELECTOR = YES;
				GCC_WARN_UNINITIALIZED_AUTOS = YES_AGGRESSIVE;
				GCC_WARN_UNUSED_FUNCTION = YES;
				GCC_WARN_UNUSED_VARIABLE = YES;
				IPHONEOS_DEPLOYMENT_TARGET = 12.0;
				MTL_ENABLE_DEBUG_INFO = NO;
				MTL_FAST_MATH = YES;
				SDKROOT = iphoneos;
				SWIFT_COMPILATION_MODE = wholemodule;
				SWIFT_OPTIMIZATION_LEVEL = "-O";
				VALIDATE_PRODUCT = YES;
			};
			name = Release;
		};
		B059068F21876A9800F52F7E /* Debug */ = {
			isa = XCBuildConfiguration;
			buildSettings = {
				ASSETCATALOG_COMPILER_APPICON_NAME = AppIcon;
				CODE_SIGN_STYLE = Automatic;
				DEVELOPMENT_TEAM = 93JF9LS6ZY;
				INFOPLIST_FILE = Prototipo/Info.plist;
				LD_RUNPATH_SEARCH_PATHS = (
					"$(inherited)",
					"@executable_path/Frameworks",
				);
				PRODUCT_BUNDLE_IDENTIFIER = it.parthenope.iosdeveloper.Prototipo;
				PRODUCT_NAME = "$(TARGET_NAME)";
				SWIFT_VERSION = 4.2;
				TARGETED_DEVICE_FAMILY = "1,2";
			};
			name = Debug;
		};
		B059069021876A9800F52F7E /* Release */ = {
			isa = XCBuildConfiguration;
			buildSettings = {
				ASSETCATALOG_COMPILER_APPICON_NAME = AppIcon;
				CODE_SIGN_STYLE = Automatic;
				DEVELOPMENT_TEAM = 93JF9LS6ZY;
				INFOPLIST_FILE = Prototipo/Info.plist;
				LD_RUNPATH_SEARCH_PATHS = (
					"$(inherited)",
					"@executable_path/Frameworks",
				);
				PRODUCT_BUNDLE_IDENTIFIER = it.parthenope.iosdeveloper.Prototipo;
				PRODUCT_NAME = "$(TARGET_NAME)";
				SWIFT_VERSION = 4.2;
				TARGETED_DEVICE_FAMILY = "1,2";
			};
			name = Release;
		};
/* End XCBuildConfiguration section */

/* Begin XCConfigurationList section */
		B059067521876A9800F52F7E /* Build configuration list for PBXProject "Prototipo" */ = {
			isa = XCConfigurationList;
			buildConfigurations = (
				B059068C21876A9800F52F7E /* Debug */,
				B059068D21876A9800F52F7E /* Release */,
			);
			defaultConfigurationIsVisible = 0;
			defaultConfigurationName = Release;
		};
		B059068E21876A9800F52F7E /* Build configuration list for PBXNativeTarget "Prototipo" */ = {
			isa = XCConfigurationList;
			buildConfigurations = (
				B059068F21876A9800F52F7E /* Debug */,
				B059069021876A9800F52F7E /* Release */,
			);
			defaultConfigurationIsVisible = 0;
			defaultConfigurationName = Release;
		};
/* End XCConfigurationList section */
	};
	rootObject = B059067221876A9800F52F7E /* Project object */;
}
